
Microsoft Visual Studio Solution File, Format Version 12.00
# Visual Studio 15
VisualStudioVersion = 15.0.27428.2037
MinimumVisualStudioVersion = 10.0.40219.1
Project("{FAE04EC0-301F-11D3-BF4B-00C04F79EFBC}") = "Capstone7", "Capstone7\Capstone7.csproj", "{DD3A9AD7-92F3-4142-A0DC-B279DD324CEA}"
EndProject
Global
	GlobalSection(SolutionConfigurationPlatforms) = preSolution
		Debug|Any CPU = Debug|Any CPU
		Release|Any CPU = Release|Any CPU
	EndGlobalSection
	GlobalSection(ProjectConfigurationPlatforms) = postSolution
		{DD3A9AD7-92F3-4142-A0DC-B279DD324CEA}.Debug|Any CPU.ActiveCfg = Debug|Any CPU
		{DD3A9AD7-92F3-4142-A0DC-B279DD324CEA}.Debug|Any CPU.Build.0 = Debug|Any CPU
		{DD3A9AD7-92F3-4142-A0DC-B279DD324CEA}.Release|Any CPU.ActiveCfg = Release|Any CPU
		{DD3A9AD7-92F3-4142-A0DC-B279DD324CEA}.Release|Any CPU.Build.0 = Release|Any CPU
	EndGlobalSection
	GlobalSection(SolutionProperties) = preSolution
		HideSolutionNode = FALSE
	EndGlobalSection
	GlobalSection(ExtensibilityGlobals) = postSolution
		SolutionGuid = {1F519AD4-B89C-4772-BBEF-B959DEF729EF}
	EndGlobalSection
EndGlobal
