
Microsoft Visual Studio Solution File, Format Version 12.00
# Visual Studio 15
VisualStudioVersion = 15.0.27428.2037
MinimumVisualStudioVersion = 10.0.40219.1
Project("{FAE04EC0-301F-11D3-BF4B-00C04F79EFBC}") = "APIBuild", "APIBuild\APIBuild.csproj", "{95ED9F74-18A9-4344-90C5-9DEFD71899F3}"
EndProject
Global
	GlobalSection(SolutionConfigurationPlatforms) = preSolution
		Debug|Any CPU = Debug|Any CPU
		Release|Any CPU = Release|Any CPU
	EndGlobalSection
	GlobalSection(ProjectConfigurationPlatforms) = postSolution
		{95ED9F74-18A9-4344-90C5-9DEFD71899F3}.Debug|Any CPU.ActiveCfg = Debug|Any CPU
		{95ED9F74-18A9-4344-90C5-9DEFD71899F3}.Debug|Any CPU.Build.0 = Debug|Any CPU
		{95ED9F74-18A9-4344-90C5-9DEFD71899F3}.Release|Any CPU.ActiveCfg = Release|Any CPU
		{95ED9F74-18A9-4344-90C5-9DEFD71899F3}.Release|Any CPU.Build.0 = Release|Any CPU
	EndGlobalSection
	GlobalSection(SolutionProperties) = preSolution
		HideSolutionNode = FALSE
	EndGlobalSection
	GlobalSection(ExtensibilityGlobals) = postSolution
		SolutionGuid = {D36F4F88-0A8E-43C9-A3B1-F4458633C27C}
	EndGlobalSection
EndGlobal
