
Microsoft Visual Studio Solution File, Format Version 12.00
# Visual Studio 15
VisualStudioVersion = 15.0.27428.2037
MinimumVisualStudioVersion = 10.0.40219.1
Project("{FAE04EC0-301F-11D3-BF4B-00C04F79EFBC}") = "Lab10", "Lab10\Lab10.csproj", "{FF343396-025A-40AE-9DC5-26D502E4D012}"
EndProject
Global
	GlobalSection(SolutionConfigurationPlatforms) = preSolution
		Debug|Any CPU = Debug|Any CPU
		Release|Any CPU = Release|Any CPU
	EndGlobalSection
	GlobalSection(ProjectConfigurationPlatforms) = postSolution
		{FF343396-025A-40AE-9DC5-26D502E4D012}.Debug|Any CPU.ActiveCfg = Debug|Any CPU
		{FF343396-025A-40AE-9DC5-26D502E4D012}.Debug|Any CPU.Build.0 = Debug|Any CPU
		{FF343396-025A-40AE-9DC5-26D502E4D012}.Release|Any CPU.ActiveCfg = Release|Any CPU
		{FF343396-025A-40AE-9DC5-26D502E4D012}.Release|Any CPU.Build.0 = Release|Any CPU
	EndGlobalSection
	GlobalSection(SolutionProperties) = preSolution
		HideSolutionNode = FALSE
	EndGlobalSection
	GlobalSection(ExtensibilityGlobals) = postSolution
		SolutionGuid = {2ABE89A4-8E02-4D46-BDAC-241FE00E765E}
	EndGlobalSection
EndGlobal
