
Microsoft Visual Studio Solution File, Format Version 12.00
# Visual Studio 15
VisualStudioVersion = 15.0.27428.2037
MinimumVisualStudioVersion = 10.0.40219.1
Project("{FAE04EC0-301F-11D3-BF4B-00C04F79EFBC}") = "Lab5FactorialCalculator", "Lab5FactorialCalculator\Lab5FactorialCalculator.csproj", "{DDC601FC-8B00-4C3D-91E4-4B523334664B}"
EndProject
Global
	GlobalSection(SolutionConfigurationPlatforms) = preSolution
		Debug|Any CPU = Debug|Any CPU
		Release|Any CPU = Release|Any CPU
	EndGlobalSection
	GlobalSection(ProjectConfigurationPlatforms) = postSolution
		{DDC601FC-8B00-4C3D-91E4-4B523334664B}.Debug|Any CPU.ActiveCfg = Debug|Any CPU
		{DDC601FC-8B00-4C3D-91E4-4B523334664B}.Debug|Any CPU.Build.0 = Debug|Any CPU
		{DDC601FC-8B00-4C3D-91E4-4B523334664B}.Release|Any CPU.ActiveCfg = Release|Any CPU
		{DDC601FC-8B00-4C3D-91E4-4B523334664B}.Release|Any CPU.Build.0 = Release|Any CPU
	EndGlobalSection
	GlobalSection(SolutionProperties) = preSolution
		HideSolutionNode = FALSE
	EndGlobalSection
	GlobalSection(ExtensibilityGlobals) = postSolution
		SolutionGuid = {E4AC48FC-6748-4E0A-BEE0-2E784FB9A882}
	EndGlobalSection
EndGlobal
