
Microsoft Visual Studio Solution File, Format Version 12.00
# Visual Studio 15
VisualStudioVersion = 15.0.27428.2037
MinimumVisualStudioVersion = 10.0.40219.1
Project("{FAE04EC0-301F-11D3-BF4B-00C04F79EFBC}") = "ConsoleApp16", "ConsoleApp16\ConsoleApp16.csproj", "{051735A8-BBA5-4F48-ADC2-581653E0EE4F}"
EndProject
Global
	GlobalSection(SolutionConfigurationPlatforms) = preSolution
		Debug|Any CPU = Debug|Any CPU
		Release|Any CPU = Release|Any CPU
	EndGlobalSection
	GlobalSection(ProjectConfigurationPlatforms) = postSolution
		{051735A8-BBA5-4F48-ADC2-581653E0EE4F}.Debug|Any CPU.ActiveCfg = Debug|Any CPU
		{051735A8-BBA5-4F48-ADC2-581653E0EE4F}.Debug|Any CPU.Build.0 = Debug|Any CPU
		{051735A8-BBA5-4F48-ADC2-581653E0EE4F}.Release|Any CPU.ActiveCfg = Release|Any CPU
		{051735A8-BBA5-4F48-ADC2-581653E0EE4F}.Release|Any CPU.Build.0 = Release|Any CPU
	EndGlobalSection
	GlobalSection(SolutionProperties) = preSolution
		HideSolutionNode = FALSE
	EndGlobalSection
	GlobalSection(ExtensibilityGlobals) = postSolution
		SolutionGuid = {25B3844D-6ECE-49FE-B8E4-71BD483F4128}
	EndGlobalSection
EndGlobal
