
Microsoft Visual Studio Solution File, Format Version 12.00
# Visual Studio 15
VisualStudioVersion = 15.0.27428.2037
MinimumVisualStudioVersion = 10.0.40219.1
Project("{FAE04EC0-301F-11D3-BF4B-00C04F79EFBC}") = "objectoriented1notes", "objectoriented1notes\objectoriented1notes.csproj", "{155C9DC5-25EF-4BE2-B613-90C85D3B9869}"
EndProject
Global
	GlobalSection(SolutionConfigurationPlatforms) = preSolution
		Debug|Any CPU = Debug|Any CPU
		Release|Any CPU = Release|Any CPU
	EndGlobalSection
	GlobalSection(ProjectConfigurationPlatforms) = postSolution
		{155C9DC5-25EF-4BE2-B613-90C85D3B9869}.Debug|Any CPU.ActiveCfg = Debug|Any CPU
		{155C9DC5-25EF-4BE2-B613-90C85D3B9869}.Debug|Any CPU.Build.0 = Debug|Any CPU
		{155C9DC5-25EF-4BE2-B613-90C85D3B9869}.Release|Any CPU.ActiveCfg = Release|Any CPU
		{155C9DC5-25EF-4BE2-B613-90C85D3B9869}.Release|Any CPU.Build.0 = Release|Any CPU
	EndGlobalSection
	GlobalSection(SolutionProperties) = preSolution
		HideSolutionNode = FALSE
	EndGlobalSection
	GlobalSection(ExtensibilityGlobals) = postSolution
		SolutionGuid = {73ED63F0-FC55-45D6-B085-9A8E0F66D735}
	EndGlobalSection
EndGlobal
