
Microsoft Visual Studio Solution File, Format Version 12.00
# Visual Studio 15
VisualStudioVersion = 15.0.27428.2037
MinimumVisualStudioVersion = 10.0.40219.1
Project("{FAE04EC0-301F-11D3-BF4B-00C04F79EFBC}") = "test3", "test3\test3.csproj", "{D953EED0-F0CA-46A2-B1A2-B2AE0021B064}"
EndProject
Global
	GlobalSection(SolutionConfigurationPlatforms) = preSolution
		Debug|Any CPU = Debug|Any CPU
		Release|Any CPU = Release|Any CPU
	EndGlobalSection
	GlobalSection(ProjectConfigurationPlatforms) = postSolution
		{D953EED0-F0CA-46A2-B1A2-B2AE0021B064}.Debug|Any CPU.ActiveCfg = Debug|Any CPU
		{D953EED0-F0CA-46A2-B1A2-B2AE0021B064}.Debug|Any CPU.Build.0 = Debug|Any CPU
		{D953EED0-F0CA-46A2-B1A2-B2AE0021B064}.Release|Any CPU.ActiveCfg = Release|Any CPU
		{D953EED0-F0CA-46A2-B1A2-B2AE0021B064}.Release|Any CPU.Build.0 = Release|Any CPU
	EndGlobalSection
	GlobalSection(SolutionProperties) = preSolution
		HideSolutionNode = FALSE
	EndGlobalSection
	GlobalSection(ExtensibilityGlobals) = postSolution
		SolutionGuid = {676FC7CB-5527-448A-9131-1ACE8FC0FA8A}
	EndGlobalSection
EndGlobal
