
Microsoft Visual Studio Solution File, Format Version 12.00
# Visual Studio 15
VisualStudioVersion = 15.0.27428.2037
MinimumVisualStudioVersion = 10.0.40219.1
Project("{FAE04EC0-301F-11D3-BF4B-00C04F79EFBC}") = "Lab7Notes", "Lab7Notes\Lab7Notes.csproj", "{B2D73F77-3F03-4229-8A80-926E0828E4C4}"
EndProject
Global
	GlobalSection(SolutionConfigurationPlatforms) = preSolution
		Debug|Any CPU = Debug|Any CPU
		Release|Any CPU = Release|Any CPU
	EndGlobalSection
	GlobalSection(ProjectConfigurationPlatforms) = postSolution
		{B2D73F77-3F03-4229-8A80-926E0828E4C4}.Debug|Any CPU.ActiveCfg = Debug|Any CPU
		{B2D73F77-3F03-4229-8A80-926E0828E4C4}.Debug|Any CPU.Build.0 = Debug|Any CPU
		{B2D73F77-3F03-4229-8A80-926E0828E4C4}.Release|Any CPU.ActiveCfg = Release|Any CPU
		{B2D73F77-3F03-4229-8A80-926E0828E4C4}.Release|Any CPU.Build.0 = Release|Any CPU
	EndGlobalSection
	GlobalSection(SolutionProperties) = preSolution
		HideSolutionNode = FALSE
	EndGlobalSection
	GlobalSection(ExtensibilityGlobals) = postSolution
		SolutionGuid = {5CF887AA-0AB3-454A-8482-FCB3F7A1995E}
	EndGlobalSection
EndGlobal
