
Microsoft Visual Studio Solution File, Format Version 12.00
# Visual Studio 15
VisualStudioVersion = 15.0.27428.2037
MinimumVisualStudioVersion = 10.0.40219.1
Project("{FAE04EC0-301F-11D3-BF4B-00C04F79EFBC}") = "Midterm2", "Midterm2\Midterm2.csproj", "{59F9F1ED-76C5-4FC3-85B9-129AB0FC267D}"
EndProject
Global
	GlobalSection(SolutionConfigurationPlatforms) = preSolution
		Debug|Any CPU = Debug|Any CPU
		Release|Any CPU = Release|Any CPU
	EndGlobalSection
	GlobalSection(ProjectConfigurationPlatforms) = postSolution
		{59F9F1ED-76C5-4FC3-85B9-129AB0FC267D}.Debug|Any CPU.ActiveCfg = Debug|Any CPU
		{59F9F1ED-76C5-4FC3-85B9-129AB0FC267D}.Debug|Any CPU.Build.0 = Debug|Any CPU
		{59F9F1ED-76C5-4FC3-85B9-129AB0FC267D}.Release|Any CPU.ActiveCfg = Release|Any CPU
		{59F9F1ED-76C5-4FC3-85B9-129AB0FC267D}.Release|Any CPU.Build.0 = Release|Any CPU
	EndGlobalSection
	GlobalSection(SolutionProperties) = preSolution
		HideSolutionNode = FALSE
	EndGlobalSection
	GlobalSection(ExtensibilityGlobals) = postSolution
		SolutionGuid = {69D2E32D-80D5-47E8-B33A-EB9591111D82}
	EndGlobalSection
EndGlobal
