
Microsoft Visual Studio Solution File, Format Version 12.00
# Visual Studio 15
VisualStudioVersion = 15.0.27428.2037
MinimumVisualStudioVersion = 10.0.40219.1
Project("{FAE04EC0-301F-11D3-BF4B-00C04F79EFBC}") = "ConsoleApp1", "ConsoleApp1\ConsoleApp1.csproj", "{40C03EBA-AD5E-4000-8D88-1C06CDC1C46F}"
EndProject
Global
	GlobalSection(SolutionConfigurationPlatforms) = preSolution
		Debug|Any CPU = Debug|Any CPU
		Release|Any CPU = Release|Any CPU
	EndGlobalSection
	GlobalSection(ProjectConfigurationPlatforms) = postSolution
		{40C03EBA-AD5E-4000-8D88-1C06CDC1C46F}.Debug|Any CPU.ActiveCfg = Debug|Any CPU
		{40C03EBA-AD5E-4000-8D88-1C06CDC1C46F}.Debug|Any CPU.Build.0 = Debug|Any CPU
		{40C03EBA-AD5E-4000-8D88-1C06CDC1C46F}.Release|Any CPU.ActiveCfg = Release|Any CPU
		{40C03EBA-AD5E-4000-8D88-1C06CDC1C46F}.Release|Any CPU.Build.0 = Release|Any CPU
	EndGlobalSection
	GlobalSection(SolutionProperties) = preSolution
		HideSolutionNode = FALSE
	EndGlobalSection
	GlobalSection(ExtensibilityGlobals) = postSolution
		SolutionGuid = {D3BB145D-9DEC-42A2-8767-6A7C4F738976}
	EndGlobalSection
EndGlobal
