
Microsoft Visual Studio Solution File, Format Version 12.00
# Visual Studio 15
VisualStudioVersion = 15.0.27428.2037
MinimumVisualStudioVersion = 10.0.40219.1
Project("{FAE04EC0-301F-11D3-BF4B-00C04F79EFBC}") = "APIJSONnotes", "APIJSONnotes\APIJSONnotes.csproj", "{EC6C305E-D844-4280-852B-73E4A8F850CE}"
EndProject
Global
	GlobalSection(SolutionConfigurationPlatforms) = preSolution
		Debug|Any CPU = Debug|Any CPU
		Release|Any CPU = Release|Any CPU
	EndGlobalSection
	GlobalSection(ProjectConfigurationPlatforms) = postSolution
		{EC6C305E-D844-4280-852B-73E4A8F850CE}.Debug|Any CPU.ActiveCfg = Debug|Any CPU
		{EC6C305E-D844-4280-852B-73E4A8F850CE}.Debug|Any CPU.Build.0 = Debug|Any CPU
		{EC6C305E-D844-4280-852B-73E4A8F850CE}.Release|Any CPU.ActiveCfg = Release|Any CPU
		{EC6C305E-D844-4280-852B-73E4A8F850CE}.Release|Any CPU.Build.0 = Release|Any CPU
	EndGlobalSection
	GlobalSection(SolutionProperties) = preSolution
		HideSolutionNode = FALSE
	EndGlobalSection
	GlobalSection(ExtensibilityGlobals) = postSolution
		SolutionGuid = {74EFB742-A533-4A1E-A3AD-F2770DF7204A}
	EndGlobalSection
EndGlobal
